
Microsoft Visual Studio Solution File, Format Version 12.00
# Visual Studio Version 17
VisualStudioVersion = 17.8.34330.188
MinimumVisualStudioVersion = 10.0.40219.1
Project("{FAE04EC0-301F-11D3-BF4B-00C04F79EFBC}") = "OpenClosedPrinciple", "OpenClosedPrinciple.csproj", "{2D81FF03-BDA5-466F-807D-254F68276473}"
EndProject
Global
	GlobalSection(SolutionConfigurationPlatforms) = preSolution
		Debug|Any CPU = Debug|Any CPU
		Release|Any CPU = Release|Any CPU
	EndGlobalSection
	GlobalSection(ProjectConfigurationPlatforms) = postSolution
		{2D81FF03-BDA5-466F-807D-254F68276473}.Debug|Any CPU.ActiveCfg = Debug|Any CPU
		{2D81FF03-BDA5-466F-807D-254F68276473}.Debug|Any CPU.Build.0 = Debug|Any CPU
		{2D81FF03-BDA5-466F-807D-254F68276473}.Release|Any CPU.ActiveCfg = Release|Any CPU
		{2D81FF03-BDA5-466F-807D-254F68276473}.Release|Any CPU.Build.0 = Release|Any CPU
	EndGlobalSection
	GlobalSection(SolutionProperties) = preSolution
		HideSolutionNode = FALSE
	EndGlobalSection
	GlobalSection(ExtensibilityGlobals) = postSolution
		SolutionGuid = {93D4F6E1-6FAB-4A84-8743-C3085871194F}
	EndGlobalSection
EndGlobal
